
Microsoft Visual Studio Solution File, Format Version 12.00
# Visual Studio Version 16
VisualStudioVersion = 25.0.1705.1
MinimumVisualStudioVersion = 10.0.40219.1
Project("{FAE04EC0-301F-11D3-BF4B-00C04F79EFBC}") = "tpmodul5_1302210046", "tpmodul5_1302210046.csproj", "{7ED7FA75-D06D-4674-B057-D7656B5BA046}"
EndProject
Global
	GlobalSection(SolutionConfigurationPlatforms) = preSolution
		Debug|Any CPU = Debug|Any CPU
		Release|Any CPU = Release|Any CPU
	EndGlobalSection
	GlobalSection(ProjectConfigurationPlatforms) = postSolution
		{7ED7FA75-D06D-4674-B057-D7656B5BA046}.Debug|Any CPU.ActiveCfg = Debug|Any CPU
		{7ED7FA75-D06D-4674-B057-D7656B5BA046}.Debug|Any CPU.Build.0 = Debug|Any CPU
		{7ED7FA75-D06D-4674-B057-D7656B5BA046}.Release|Any CPU.ActiveCfg = Release|Any CPU
		{7ED7FA75-D06D-4674-B057-D7656B5BA046}.Release|Any CPU.Build.0 = Release|Any CPU
	EndGlobalSection
	GlobalSection(SolutionProperties) = preSolution
		HideSolutionNode = FALSE
	EndGlobalSection
	GlobalSection(ExtensibilityGlobals) = postSolution
		SolutionGuid = {2B24F151-407D-4DCE-8812-AEFC6F648395}
	EndGlobalSection
EndGlobal
