
Microsoft Visual Studio Solution File, Format Version 12.00
# Visual Studio Version 16
VisualStudioVersion = 25.0.1705.1
MinimumVisualStudioVersion = 10.0.40219.1
Project("{FAE04EC0-301F-11D3-BF4B-00C04F79EFBC}") = "tpmodul5_1302210046", "tpmodul5_1302210046\tpmodul5_1302210046.csproj", "{EBB6CC3D-C00E-4975-A24B-1D65008C113F}"
EndProject
Global
	GlobalSection(SolutionConfigurationPlatforms) = preSolution
		Debug|Any CPU = Debug|Any CPU
		Release|Any CPU = Release|Any CPU
	EndGlobalSection
	GlobalSection(ProjectConfigurationPlatforms) = postSolution
		{EBB6CC3D-C00E-4975-A24B-1D65008C113F}.Debug|Any CPU.ActiveCfg = Debug|Any CPU
		{EBB6CC3D-C00E-4975-A24B-1D65008C113F}.Debug|Any CPU.Build.0 = Debug|Any CPU
		{EBB6CC3D-C00E-4975-A24B-1D65008C113F}.Release|Any CPU.ActiveCfg = Release|Any CPU
		{EBB6CC3D-C00E-4975-A24B-1D65008C113F}.Release|Any CPU.Build.0 = Release|Any CPU
	EndGlobalSection
	GlobalSection(SolutionProperties) = preSolution
		HideSolutionNode = FALSE
	EndGlobalSection
	GlobalSection(ExtensibilityGlobals) = postSolution
		SolutionGuid = {9FF78BEA-B855-4A87-9F6F-BD0D9643AF46}
	EndGlobalSection
EndGlobal
